// !$*UTF8*$!
{
	archiveVersion = 1;
	classes = {
	};
	objectVersion = 56;
	objects = {

/* Begin PBXBuildFile section */
		EB1135E92C3AFBB4005E49DC /* GitHub_ExersiceApp.swift in Sources */ = {isa = PBXBuildFile; fileRef = EB1135E82C3AFBB4005E49DC /* GitHub_ExersiceApp.swift */; };
		EB1135EB2C3AFBB4005E49DC /* ContentView.swift in Sources */ = {isa = PBXBuildFile; fileRef = EB1135EA2C3AFBB4005E49DC /* ContentView.swift */; };
		EB1135ED2C3AFBB7005E49DC /* Assets.xcassets in Resources */ = {isa = PBXBuildFile; fileRef = EB1135EC2C3AFBB7005E49DC /* Assets.xcassets */; };
		EB1135F02C3AFBB7005E49DC /* Preview Assets.xcassets in Resources */ = {isa = PBXBuildFile; fileRef = EB1135EF2C3AFBB7005E49DC /* Preview Assets.xcassets */; };
		EB1135FA2C3AFBB7005E49DC /* GitHub_ExersiceTests.swift in Sources */ = {isa = PBXBuildFile; fileRef = EB1135F92C3AFBB7005E49DC /* GitHub_ExersiceTests.swift */; };
		EB1136042C3AFBB7005E49DC /* GitHub_ExersiceUITests.swift in Sources */ = {isa = PBXBuildFile; fileRef = EB1136032C3AFBB7005E49DC /* GitHub_ExersiceUITests.swift */; };
		EB1136062C3AFBB7005E49DC /* GitHub_ExersiceUITestsLaunchTests.swift in Sources */ = {isa = PBXBuildFile; fileRef = EB1136052C3AFBB7005E49DC /* GitHub_ExersiceUITestsLaunchTests.swift */; };
/* End PBXBuildFile section */

/* Begin PBXContainerItemProxy section */
		EB1135F62C3AFBB7005E49DC /* PBXContainerItemProxy */ = {
			isa = PBXContainerItemProxy;
			containerPortal = EB1135DD2C3AFBB4005E49DC /* Project object */;
			proxyType = 1;
			remoteGlobalIDString = EB1135E42C3AFBB4005E49DC;
			remoteInfo = "GitHub Exersice";
		};
		EB1136002C3AFBB7005E49DC /* PBXContainerItemProxy */ = {
			isa = PBXContainerItemProxy;
			containerPortal = EB1135DD2C3AFBB4005E49DC /* Project object */;
			proxyType = 1;
			remoteGlobalIDString = EB1135E42C3AFBB4005E49DC;
			remoteInfo = "GitHub Exersice";
		};
/* End PBXContainerItemProxy section */

/* Begin PBXFileReference section */
		EB1135E52C3AFBB4005E49DC /* GitHub Exersice.app */ = {isa = PBXFileReference; explicitFileType = wrapper.application; includeInIndex = 0; path = "GitHub Exersice.app"; sourceTree = BUILT_PRODUCTS_DIR; };
		EB1135E82C3AFBB4005E49DC /* GitHub_ExersiceApp.swift */ = {isa = PBXFileReference; lastKnownFileType = sourcecode.swift; path = GitHub_ExersiceApp.swift; sourceTree = "<group>"; };
		EB1135EA2C3AFBB4005E49DC /* ContentView.swift */ = {isa = PBXFileReference; lastKnownFileType = sourcecode.swift; path = ContentView.swift; sourceTree = "<group>"; };
		EB1135EC2C3AFBB7005E49DC /* Assets.xcassets */ = {isa = PBXFileReference; lastKnownFileType = folder.assetcatalog; path = Assets.xcassets; sourceTree = "<group>"; };
		EB1135EF2C3AFBB7005E49DC /* Preview Assets.xcassets */ = {isa = PBXFileReference; lastKnownFileType = folder.assetcatalog; path = "Preview Assets.xcassets"; sourceTree = "<group>"; };
		EB1135F52C3AFBB7005E49DC /* GitHub ExersiceTests.xctest */ = {isa = PBXFileReference; explicitFileType = wrapper.cfbundle; includeInIndex = 0; path = "GitHub ExersiceTests.xctest"; sourceTree = BUILT_PRODUCTS_DIR; };
		EB1135F92C3AFBB7005E49DC /* GitHub_ExersiceTests.swift */ = {isa = PBXFileReference; lastKnownFileType = sourcecode.swift; path = GitHub_ExersiceTests.swift; sourceTree = "<group>"; };
		EB1135FF2C3AFBB7005E49DC /* GitHub ExersiceUITests.xctest */ = {isa = PBXFileReference; explicitFileType = wrapper.cfbundle; includeInIndex = 0; path = "GitHub ExersiceUITests.xctest"; sourceTree = BUILT_PRODUCTS_DIR; };
		EB1136032C3AFBB7005E49DC /* GitHub_ExersiceUITests.swift */ = {isa = PBXFileReference; lastKnownFileType = sourcecode.swift; path = GitHub_ExersiceUITests.swift; sourceTree = "<group>"; };
		EB1136052C3AFBB7005E49DC /* GitHub_ExersiceUITestsLaunchTests.swift */ = {isa = PBXFileReference; lastKnownFileType = sourcecode.swift; path = GitHub_ExersiceUITestsLaunchTests.swift; sourceTree = "<group>"; };
/* End PBXFileReference section */

/* Begin PBXFrameworksBuildPhase section */
		EB1135E22C3AFBB4005E49DC /* Frameworks */ = {
			isa = PBXFrameworksBuildPhase;
			buildActionMask = 2147483647;
			files = (
			);
			runOnlyForDeploymentPostprocessing = 0;
		};
		EB1135F22C3AFBB7005E49DC /* Frameworks */ = {
			isa = PBXFrameworksBuildPhase;
			buildActionMask = 2147483647;
			files = (
			);
			runOnlyForDeploymentPostprocessing = 0;
		};
		EB1135FC2C3AFBB7005E49DC /* Frameworks */ = {
			isa = PBXFrameworksBuildPhase;
			buildActionMask = 2147483647;
			files = (
			);
			runOnlyForDeploymentPostprocessing = 0;
		};
/* End PBXFrameworksBuildPhase section */

/* Begin PBXGroup section */
		EB1135DC2C3AFBB4005E49DC = {
			isa = PBXGroup;
			children = (
				EB1135E72C3AFBB4005E49DC /* GitHub Exersice */,
				EB1135F82C3AFBB7005E49DC /* GitHub ExersiceTests */,
				EB1136022C3AFBB7005E49DC /* GitHub ExersiceUITests */,
				EB1135E62C3AFBB4005E49DC /* Products */,
			);
			sourceTree = "<group>";
		};
		EB1135E62C3AFBB4005E49DC /* Products */ = {
			isa = PBXGroup;
			children = (
				EB1135E52C3AFBB4005E49DC /* GitHub Exersice.app */,
				EB1135F52C3AFBB7005E49DC /* GitHub ExersiceTests.xctest */,
				EB1135FF2C3AFBB7005E49DC /* GitHub ExersiceUITests.xctest */,
			);
			name = Products;
			sourceTree = "<group>";
		};
		EB1135E72C3AFBB4005E49DC /* GitHub Exersice */ = {
			isa = PBXGroup;
			children = (
				EB1135E82C3AFBB4005E49DC /* GitHub_ExersiceApp.swift */,
				EB1135EA2C3AFBB4005E49DC /* ContentView.swift */,
				EB1135EC2C3AFBB7005E49DC /* Assets.xcassets */,
				EB1135EE2C3AFBB7005E49DC /* Preview Content */,
			);
			path = "GitHub Exersice";
			sourceTree = "<group>";
		};
		EB1135EE2C3AFBB7005E49DC /* Preview Content */ = {
			isa = PBXGroup;
			children = (
				EB1135EF2C3AFBB7005E49DC /* Preview Assets.xcassets */,
			);
			path = "Preview Content";
			sourceTree = "<group>";
		};
		EB1135F82C3AFBB7005E49DC /* GitHub ExersiceTests */ = {
			isa = PBXGroup;
			children = (
				EB1135F92C3AFBB7005E49DC /* GitHub_ExersiceTests.swift */,
			);
			path = "GitHub ExersiceTests";
			sourceTree = "<group>";
		};
		EB1136022C3AFBB7005E49DC /* GitHub ExersiceUITests */ = {
			isa = PBXGroup;
			children = (
				EB1136032C3AFBB7005E49DC /* GitHub_ExersiceUITests.swift */,
				EB1136052C3AFBB7005E49DC /* GitHub_ExersiceUITestsLaunchTests.swift */,
			);
			path = "GitHub ExersiceUITests";
			sourceTree = "<group>";
		};
/* End PBXGroup section */

/* Begin PBXNativeTarget section */
		EB1135E42C3AFBB4005E49DC /* GitHub Exersice */ = {
			isa = PBXNativeTarget;
			buildConfigurationList = EB1136092C3AFBB7005E49DC /* Build configuration list for PBXNativeTarget "GitHub Exersice" */;
			buildPhases = (
				EB1135E12C3AFBB4005E49DC /* Sources */,
				EB1135E22C3AFBB4005E49DC /* Frameworks */,
				EB1135E32C3AFBB4005E49DC /* Resources */,
			);
			buildRules = (
			);
			dependencies = (
			);
			name = "GitHub Exersice";
			productName = "GitHub Exersice";
			productReference = EB1135E52C3AFBB4005E49DC /* GitHub Exersice.app */;
			productType = "com.apple.product-type.application";
		};
		EB1135F42C3AFBB7005E49DC /* GitHub ExersiceTests */ = {
			isa = PBXNativeTarget;
			buildConfigurationList = EB11360C2C3AFBB7005E49DC /* Build configuration list for PBXNativeTarget "GitHub ExersiceTests" */;
			buildPhases = (
				EB1135F12C3AFBB7005E49DC /* Sources */,
				EB1135F22C3AFBB7005E49DC /* Frameworks */,
				EB1135F32C3AFBB7005E49DC /* Resources */,
			);
			buildRules = (
			);
			dependencies = (
				EB1135F72C3AFBB7005E49DC /* PBXTargetDependency */,
			);
			name = "GitHub ExersiceTests";
			productName = "GitHub ExersiceTests";
			productReference = EB1135F52C3AFBB7005E49DC /* GitHub ExersiceTests.xctest */;
			productType = "com.apple.product-type.bundle.unit-test";
		};
		EB1135FE2C3AFBB7005E49DC /* GitHub ExersiceUITests */ = {
			isa = PBXNativeTarget;
			buildConfigurationList = EB11360F2C3AFBB7005E49DC /* Build configuration list for PBXNativeTarget "GitHub ExersiceUITests" */;
			buildPhases = (
				EB1135FB2C3AFBB7005E49DC /* Sources */,
				EB1135FC2C3AFBB7005E49DC /* Frameworks */,
				EB1135FD2C3AFBB7005E49DC /* Resources */,
			);
			buildRules = (
			);
			dependencies = (
				EB1136012C3AFBB7005E49DC /* PBXTargetDependency */,
			);
			name = "GitHub ExersiceUITests";
			productName = "GitHub ExersiceUITests";
			productReference = EB1135FF2C3AFBB7005E49DC /* GitHub ExersiceUITests.xctest */;
			productType = "com.apple.product-type.bundle.ui-testing";
		};
/* End PBXNativeTarget section */

/* Begin PBXProject section */
		EB1135DD2C3AFBB4005E49DC /* Project object */ = {
			isa = PBXProject;
			attributes = {
				BuildIndependentTargetsInParallel = 1;
				LastSwiftUpdateCheck = 1540;
				LastUpgradeCheck = 1540;
				TargetAttributes = {
					EB1135E42C3AFBB4005E49DC = {
						CreatedOnToolsVersion = 15.4;
					};
					EB1135F42C3AFBB7005E49DC = {
						CreatedOnToolsVersion = 15.4;
						TestTargetID = EB1135E42C3AFBB4005E49DC;
					};
					EB1135FE2C3AFBB7005E49DC = {
						CreatedOnToolsVersion = 15.4;
						TestTargetID = EB1135E42C3AFBB4005E49DC;
					};
				};
			};
			buildConfigurationList = EB1135E02C3AFBB4005E49DC /* Build configuration list for PBXProject "GitHub Exersice" */;
			compatibilityVersion = "Xcode 14.0";
			developmentRegion = en;
			hasScannedForEncodings = 0;
			knownRegions = (
				en,
				Base,
			);
			mainGroup = EB1135DC2C3AFBB4005E49DC;
			productRefGroup = EB1135E62C3AFBB4005E49DC /* Products */;
			projectDirPath = "";
			projectRoot = "";
			targets = (
				EB1135E42C3AFBB4005E49DC /* GitHub Exersice */,
				EB1135F42C3AFBB7005E49DC /* GitHub ExersiceTests */,
				EB1135FE2C3AFBB7005E49DC /* GitHub ExersiceUITests */,
			);
		};
/* End PBXProject section */

/* Begin PBXResourcesBuildPhase section */
		EB1135E32C3AFBB4005E49DC /* Resources */ = {
			isa = PBXResourcesBuildPhase;
			buildActionMask = 2147483647;
			files = (
				EB1135F02C3AFBB7005E49DC /* Preview Assets.xcassets in Resources */,
				EB1135ED2C3AFBB7005E49DC /* Assets.xcassets in Resources */,
			);
			runOnlyForDeploymentPostprocessing = 0;
		};
		EB1135F32C3AFBB7005E49DC /* Resources */ = {
			isa = PBXResourcesBuildPhase;
			buildActionMask = 2147483647;
			files = (
			);
			runOnlyForDeploymentPostprocessing = 0;
		};
		EB1135FD2C3AFBB7005E49DC /* Resources */ = {
			isa = PBXResourcesBuildPhase;
			buildActionMask = 2147483647;
			files = (
			);
			runOnlyForDeploymentPostprocessing = 0;
		};
/* End PBXResourcesBuildPhase section */

/* Begin PBXSourcesBuildPhase section */
		EB1135E12C3AFBB4005E49DC /* Sources */ = {
			isa = PBXSourcesBuildPhase;
			buildActionMask = 2147483647;
			files = (
				EB1135EB2C3AFBB4005E49DC /* ContentView.swift in Sources */,
				EB1135E92C3AFBB4005E49DC /* GitHub_ExersiceApp.swift in Sources */,
			);
			runOnlyForDeploymentPostprocessing = 0;
		};
		EB1135F12C3AFBB7005E49DC /* Sources */ = {
			isa = PBXSourcesBuildPhase;
			buildActionMask = 2147483647;
			files = (
				EB1135FA2C3AFBB7005E49DC /* GitHub_ExersiceTests.swift in Sources */,
			);
			runOnlyForDeploymentPostprocessing = 0;
		};
		EB1135FB2C3AFBB7005E49DC /* Sources */ = {
			isa = PBXSourcesBuildPhase;
			buildActionMask = 2147483647;
			files = (
				EB1136042C3AFBB7005E49DC /* GitHub_ExersiceUITests.swift in Sources */,
				EB1136062C3AFBB7005E49DC /* GitHub_ExersiceUITestsLaunchTests.swift in Sources */,
			);
			runOnlyForDeploymentPostprocessing = 0;
		};
/* End PBXSourcesBuildPhase section */

/* Begin PBXTargetDependency section */
		EB1135F72C3AFBB7005E49DC /* PBXTargetDependency */ = {
			isa = PBXTargetDependency;
			target = EB1135E42C3AFBB4005E49DC /* GitHub Exersice */;
			targetProxy = EB1135F62C3AFBB7005E49DC /* PBXContainerItemProxy */;
		};
		EB1136012C3AFBB7005E49DC /* PBXTargetDependency */ = {
			isa = PBXTargetDependency;
			target = EB1135E42C3AFBB4005E49DC /* GitHub Exersice */;
			targetProxy = EB1136002C3AFBB7005E49DC /* PBXContainerItemProxy */;
		};
/* End PBXTargetDependency section */

/* Begin XCBuildConfiguration section */
		EB1136072C3AFBB7005E49DC /* Debug */ = {
			isa = XCBuildConfiguration;
			buildSettings = {
				ALWAYS_SEARCH_USER_PATHS = NO;
				ASSETCATALOG_COMPILER_GENERATE_SWIFT_ASSET_SYMBOL_EXTENSIONS = YES;
				CLANG_ANALYZER_NONNULL = YES;
				CLANG_ANALYZER_NUMBER_OBJECT_CONVERSION = YES_AGGRESSIVE;
				CLANG_CXX_LANGUAGE_STANDARD = "gnu++20";
				CLANG_ENABLE_MODULES = YES;
				CLANG_ENABLE_OBJC_ARC = YES;
				CLANG_ENABLE_OBJC_WEAK = YES;
				CLANG_WARN_BLOCK_CAPTURE_AUTORELEASING = YES;
				CLANG_WARN_BOOL_CONVERSION = YES;
				CLANG_WARN_COMMA = YES;
				CLANG_WARN_CONSTANT_CONVERSION = YES;
				CLANG_WARN_DEPRECATED_OBJC_IMPLEMENTATIONS = YES;
				CLANG_WARN_DIRECT_OBJC_ISA_USAGE = YES_ERROR;
				CLANG_WARN_DOCUMENTATION_COMMENTS = YES;
				CLANG_WARN_EMPTY_BODY = YES;
				CLANG_WARN_ENUM_CONVERSION = YES;
				CLANG_WARN_INFINITE_RECURSION = YES;
				CLANG_WARN_INT_CONVERSION = YES;
				CLANG_WARN_NON_LITERAL_NULL_CONVERSION = YES;
				CLANG_WARN_OBJC_IMPLICIT_RETAIN_SELF = YES;
				CLANG_WARN_OBJC_LITERAL_CONVERSION = YES;
				CLANG_WARN_OBJC_ROOT_CLASS = YES_ERROR;
				CLANG_WARN_QUOTED_INCLUDE_IN_FRAMEWORK_HEADER = YES;
				CLANG_WARN_RANGE_LOOP_ANALYSIS = YES;
				CLANG_WARN_STRICT_PROTOTYPES = YES;
				CLANG_WARN_SUSPICIOUS_MOVE = YES;
				CLANG_WARN_UNGUARDED_AVAILABILITY = YES_AGGRESSIVE;
				CLANG_WARN_UNREACHABLE_CODE = YES;
				CLANG_WARN__DUPLICATE_METHOD_MATCH = YES;
				COPY_PHASE_STRIP = NO;
				DEBUG_INFORMATION_FORMAT = dwarf;
				ENABLE_STRICT_OBJC_MSGSEND = YES;
				ENABLE_TESTABILITY = YES;
				ENABLE_USER_SCRIPT_SANDBOXING = YES;
				GCC_C_LANGUAGE_STANDARD = gnu17;
				GCC_DYNAMIC_NO_PIC = NO;
				GCC_NO_COMMON_BLOCKS = YES;
				GCC_OPTIMIZATION_LEVEL = 0;
				GCC_PREPROCESSOR_DEFINITIONS = (
					"DEBUG=1",
					"$(inherited)",
				);
				GCC_WARN_64_TO_32_BIT_CONVERSION = YES;
				GCC_WARN_ABOUT_RETURN_TYPE = YES_ERROR;
				GCC_WARN_UNDECLARED_SELECTOR = YES;
				GCC_WARN_UNINITIALIZED_AUTOS = YES_AGGRESSIVE;
				GCC_WARN_UNUSED_FUNCTION = YES;
				GCC_WARN_UNUSED_VARIABLE = YES;
				IPHONEOS_DEPLOYMENT_TARGET = 17.5;
				LOCALIZATION_PREFERS_STRING_CATALOGS = YES;
				MTL_ENABLE_DEBUG_INFO = INCLUDE_SOURCE;
				MTL_FAST_MATH = YES;
				ONLY_ACTIVE_ARCH = YES;
				SDKROOT = iphoneos;
				SWIFT_ACTIVE_COMPILATION_CONDITIONS = "DEBUG $(inherited)";
				SWIFT_OPTIMIZATION_LEVEL = "-Onone";
			};
			name = Debug;
		};
		EB1136082C3AFBB7005E49DC /* Release */ = {
			isa = XCBuildConfiguration;
			buildSettings = {
				ALWAYS_SEARCH_USER_PATHS = NO;
				ASSETCATALOG_COMPILER_GENERATE_SWIFT_ASSET_SYMBOL_EXTENSIONS = YES;
				CLANG_ANALYZER_NONNULL = YES;
				CLANG_ANALYZER_NUMBER_OBJECT_CONVERSION = YES_AGGRESSIVE;
				CLANG_CXX_LANGUAGE_STANDARD = "gnu++20";
				CLANG_ENABLE_MODULES = YES;
				CLANG_ENABLE_OBJC_ARC = YES;
				CLANG_ENABLE_OBJC_WEAK = YES;
				CLANG_WARN_BLOCK_CAPTURE_AUTORELEASING = YES;
				CLANG_WARN_BOOL_CONVERSION = YES;
				CLANG_WARN_COMMA = YES;
				CLANG_WARN_CONSTANT_CONVERSION = YES;
				CLANG_WARN_DEPRECATED_OBJC_IMPLEMENTATIONS = YES;
				CLANG_WARN_DIRECT_OBJC_ISA_USAGE = YES_ERROR;
				CLANG_WARN_DOCUMENTATION_COMMENTS = YES;
				CLANG_WARN_EMPTY_BODY = YES;
				CLANG_WARN_ENUM_CONVERSION = YES;
				CLANG_WARN_INFINITE_RECURSION = YES;
				CLANG_WARN_INT_CONVERSION = YES;
				CLANG_WARN_NON_LITERAL_NULL_CONVERSION = YES;
				CLANG_WARN_OBJC_IMPLICIT_RETAIN_SELF = YES;
				CLANG_WARN_OBJC_LITERAL_CONVERSION = YES;
				CLANG_WARN_OBJC_ROOT_CLASS = YES_ERROR;
				CLANG_WARN_QUOTED_INCLUDE_IN_FRAMEWORK_HEADER = YES;
				CLANG_WARN_RANGE_LOOP_ANALYSIS = YES;
				CLANG_WARN_STRICT_PROTOTYPES = YES;
				CLANG_WARN_SUSPICIOUS_MOVE = YES;
				CLANG_WARN_UNGUARDED_AVAILABILITY = YES_AGGRESSIVE;
				CLANG_WARN_UNREACHABLE_CODE = YES;
				CLANG_WARN__DUPLICATE_METHOD_MATCH = YES;
				COPY_PHASE_STRIP = NO;
				DEBUG_INFORMATION_FORMAT = "dwarf-with-dsym";
				ENABLE_NS_ASSERTIONS = NO;
				ENABLE_STRICT_OBJC_MSGSEND = YES;
				ENABLE_USER_SCRIPT_SANDBOXING = YES;
				GCC_C_LANGUAGE_STANDARD = gnu17;
				GCC_NO_COMMON_BLOCKS = YES;
				GCC_WARN_64_TO_32_BIT_CONVERSION = YES;
				GCC_WARN_ABOUT_RETURN_TYPE = YES_ERROR;
				GCC_WARN_UNDECLARED_SELECTOR = YES;
				GCC_WARN_UNINITIALIZED_AUTOS = YES_AGGRESSIVE;
				GCC_WARN_UNUSED_FUNCTION = YES;
				GCC_WARN_UNUSED_VARIABLE = YES;
				IPHONEOS_DEPLOYMENT_TARGET = 17.5;
				LOCALIZATION_PREFERS_STRING_CATALOGS = YES;
				MTL_ENABLE_DEBUG_INFO = NO;
				MTL_FAST_MATH = YES;
				SDKROOT = iphoneos;
				SWIFT_COMPILATION_MODE = wholemodule;
				VALIDATE_PRODUCT = YES;
			};
			name = Release;
		};
		EB11360A2C3AFBB7005E49DC /* Debug */ = {
			isa = XCBuildConfiguration;
			buildSettings = {
				ASSETCATALOG_COMPILER_APPICON_NAME = AppIcon;
				ASSETCATALOG_COMPILER_GLOBAL_ACCENT_COLOR_NAME = AccentColor;
				CODE_SIGN_STYLE = Automatic;
				CURRENT_PROJECT_VERSION = 1;
				DEVELOPMENT_ASSET_PATHS = "\"GitHub Exersice/Preview Content\"";
				DEVELOPMENT_TEAM = 8MLA8SFWXU;
				ENABLE_PREVIEWS = YES;
				GENERATE_INFOPLIST_FILE = YES;
				INFOPLIST_KEY_UIApplicationSceneManifest_Generation = YES;
				INFOPLIST_KEY_UIApplicationSupportsIndirectInputEvents = YES;
				INFOPLIST_KEY_UILaunchScreen_Generation = YES;
				INFOPLIST_KEY_UISupportedInterfaceOrientations_iPad = "UIInterfaceOrientationPortrait UIInterfaceOrientationPortraitUpsideDown UIInterfaceOrientationLandscapeLeft UIInterfaceOrientationLandscapeRight";
				INFOPLIST_KEY_UISupportedInterfaceOrientations_iPhone = "UIInterfaceOrientationPortrait UIInterfaceOrientationLandscapeLeft UIInterfaceOrientationLandscapeRight";
				LD_RUNPATH_SEARCH_PATHS = (
					"$(inherited)",
					"@executable_path/Frameworks",
				);
				MARKETING_VERSION = 1.0;
				PRODUCT_BUNDLE_IDENTIFIER = "marcushenry.GitHub-Exersice";
				PRODUCT_NAME = "$(TARGET_NAME)";
				SWIFT_EMIT_LOC_STRINGS = YES;
				SWIFT_VERSION = 5.0;
				TARGETED_DEVICE_FAMILY = "1,2";
			};
			name = Debug;
		};
		EB11360B2C3AFBB7005E49DC /* Release */ = {
			isa = XCBuildConfiguration;
			buildSettings = {
				ASSETCATALOG_COMPILER_APPICON_NAME = AppIcon;
				ASSETCATALOG_COMPILER_GLOBAL_ACCENT_COLOR_NAME = AccentColor;
				CODE_SIGN_STYLE = Automatic;
				CURRENT_PROJECT_VERSION = 1;
				DEVELOPMENT_ASSET_PATHS = "\"GitHub Exersice/Preview Content\"";
				DEVELOPMENT_TEAM = 8MLA8SFWXU;
				ENABLE_PREVIEWS = YES;
				GENERATE_INFOPLIST_FILE = YES;
				INFOPLIST_KEY_UIApplicationSceneManifest_Generation = YES;
				INFOPLIST_KEY_UIApplicationSupportsIndirectInputEvents = YES;
				INFOPLIST_KEY_UILaunchScreen_Generation = YES;
				INFOPLIST_KEY_UISupportedInterfaceOrientations_iPad = "UIInterfaceOrientationPortrait UIInterfaceOrientationPortraitUpsideDown UIInterfaceOrientationLandscapeLeft UIInterfaceOrientationLandscapeRight";
				INFOPLIST_KEY_UISupportedInterfaceOrientations_iPhone = "UIInterfaceOrientationPortrait UIInterfaceOrientationLandscapeLeft UIInterfaceOrientationLandscapeRight";
				LD_RUNPATH_SEARCH_PATHS = (
					"$(inherited)",
					"@executable_path/Frameworks",
				);
				MARKETING_VERSION = 1.0;
				PRODUCT_BUNDLE_IDENTIFIER = "marcushenry.GitHub-Exersice";
				PRODUCT_NAME = "$(TARGET_NAME)";
				SWIFT_EMIT_LOC_STRINGS = YES;
				SWIFT_VERSION = 5.0;
				TARGETED_DEVICE_FAMILY = "1,2";
			};
			name = Release;
		};
		EB11360D2C3AFBB7005E49DC /* Debug */ = {
			isa = XCBuildConfiguration;
			buildSettings = {
				ALWAYS_EMBED_SWIFT_STANDARD_LIBRARIES = YES;
				BUNDLE_LOADER = "$(TEST_HOST)";
				CODE_SIGN_STYLE = Automatic;
				CURRENT_PROJECT_VERSION = 1;
				DEVELOPMENT_TEAM = 8MLA8SFWXU;
				GENERATE_INFOPLIST_FILE = YES;
				IPHONEOS_DEPLOYMENT_TARGET = 17.5;
				MARKETING_VERSION = 1.0;
				PRODUCT_BUNDLE_IDENTIFIER = "marcushenry.GitHub-ExersiceTests";
				PRODUCT_NAME = "$(TARGET_NAME)";
				SWIFT_EMIT_LOC_STRINGS = NO;
				SWIFT_VERSION = 5.0;
				TARGETED_DEVICE_FAMILY = "1,2";
				TEST_HOST = "$(BUILT_PRODUCTS_DIR)/GitHub Exersice.app/$(BUNDLE_EXECUTABLE_FOLDER_PATH)/GitHub Exersice";
			};
			name = Debug;
		};
		EB11360E2C3AFBB7005E49DC /* Release */ = {
			isa = XCBuildConfiguration;
			buildSettings = {
				ALWAYS_EMBED_SWIFT_STANDARD_LIBRARIES = YES;
				BUNDLE_LOADER = "$(TEST_HOST)";
				CODE_SIGN_STYLE = Automatic;
				CURRENT_PROJECT_VERSION = 1;
				DEVELOPMENT_TEAM = 8MLA8SFWXU;
				GENERATE_INFOPLIST_FILE = YES;
				IPHONEOS_DEPLOYMENT_TARGET = 17.5;
				MARKETING_VERSION = 1.0;
				PRODUCT_BUNDLE_IDENTIFIER = "marcushenry.GitHub-ExersiceTests";
				PRODUCT_NAME = "$(TARGET_NAME)";
				SWIFT_EMIT_LOC_STRINGS = NO;
				SWIFT_VERSION = 5.0;
				TARGETED_DEVICE_FAMILY = "1,2";
				TEST_HOST = "$(BUILT_PRODUCTS_DIR)/GitHub Exersice.app/$(BUNDLE_EXECUTABLE_FOLDER_PATH)/GitHub Exersice";
			};
			name = Release;
		};
		EB1136102C3AFBB7005E49DC /* Debug */ = {
			isa = XCBuildConfiguration;
			buildSettings = {
				ALWAYS_EMBED_SWIFT_STANDARD_LIBRARIES = YES;
				CODE_SIGN_STYLE = Automatic;
				CURRENT_PROJECT_VERSION = 1;
				DEVELOPMENT_TEAM = 8MLA8SFWXU;
				GENERATE_INFOPLIST_FILE = YES;
				MARKETING_VERSION = 1.0;
				PRODUCT_BUNDLE_IDENTIFIER = "marcushenry.GitHub-ExersiceUITests";
				PRODUCT_NAME = "$(TARGET_NAME)";
				SWIFT_EMIT_LOC_STRINGS = NO;
				SWIFT_VERSION = 5.0;
				TARGETED_DEVICE_FAMILY = "1,2";
				TEST_TARGET_NAME = "GitHub Exersice";
			};
			name = Debug;
		};
		EB1136112C3AFBB7005E49DC /* Release */ = {
			isa = XCBuildConfiguration;
			buildSettings = {
				ALWAYS_EMBED_SWIFT_STANDARD_LIBRARIES = YES;
				CODE_SIGN_STYLE = Automatic;
				CURRENT_PROJECT_VERSION = 1;
				DEVELOPMENT_TEAM = 8MLA8SFWXU;
				GENERATE_INFOPLIST_FILE = YES;
				MARKETING_VERSION = 1.0;
				PRODUCT_BUNDLE_IDENTIFIER = "marcushenry.GitHub-ExersiceUITests";
				PRODUCT_NAME = "$(TARGET_NAME)";
				SWIFT_EMIT_LOC_STRINGS = NO;
				SWIFT_VERSION = 5.0;
				TARGETED_DEVICE_FAMILY = "1,2";
				TEST_TARGET_NAME = "GitHub Exersice";
			};
			name = Release;
		};
/* End XCBuildConfiguration section */

/* Begin XCConfigurationList section */
		EB1135E02C3AFBB4005E49DC /* Build configuration list for PBXProject "GitHub Exersice" */ = {
			isa = XCConfigurationList;
			buildConfigurations = (
				EB1136072C3AFBB7005E49DC /* Debug */,
				EB1136082C3AFBB7005E49DC /* Release */,
			);
			defaultConfigurationIsVisible = 0;
			defaultConfigurationName = Release;
		};
		EB1136092C3AFBB7005E49DC /* Build configuration list for PBXNativeTarget "GitHub Exersice" */ = {
			isa = XCConfigurationList;
			buildConfigurations = (
				EB11360A2C3AFBB7005E49DC /* Debug */,
				EB11360B2C3AFBB7005E49DC /* Release */,
			);
			defaultConfigurationIsVisible = 0;
			defaultConfigurationName = Release;
		};
		EB11360C2C3AFBB7005E49DC /* Build configuration list for PBXNativeTarget "GitHub ExersiceTests" */ = {
			isa = XCConfigurationList;
			buildConfigurations = (
				EB11360D2C3AFBB7005E49DC /* Debug */,
				EB11360E2C3AFBB7005E49DC /* Release */,
			);
			defaultConfigurationIsVisible = 0;
			defaultConfigurationName = Release;
		};
		EB11360F2C3AFBB7005E49DC /* Build configuration list for PBXNativeTarget "GitHub ExersiceUITests" */ = {
			isa = XCConfigurationList;
			buildConfigurations = (
				EB1136102C3AFBB7005E49DC /* Debug */,
				EB1136112C3AFBB7005E49DC /* Release */,
			);
			defaultConfigurationIsVisible = 0;
			defaultConfigurationName = Release;
		};
/* End XCConfigurationList section */
	};
	rootObject = EB1135DD2C3AFBB4005E49DC /* Project object */;
}
